Microsoft Visual Studio Solution File, Format Version 12.00
# Visual Studio Version 17
VisualStudioVersion = 17.5.2.0
MinimumVisualStudioVersion = 10.0.40219.1
Project("{FAE04EC0-301F-11D3-BF4B-00C04F79EFBC}") = "dia 1506", "dia 1506.csproj", "{ECC8EB25-3981-6F39-8A83-99B54D67CE87}"
EndProject
Global
	GlobalSection(SolutionConfigurationPlatforms) = preSolution
		Debug|Any CPU = Debug|Any CPU
		Release|Any CPU = Release|Any CPU
	EndGlobalSection
	GlobalSection(ProjectConfigurationPlatforms) = postSolution
		{ECC8EB25-3981-6F39-8A83-99B54D67CE87}.Debug|Any CPU.ActiveCfg = Debug|Any CPU
		{ECC8EB25-3981-6F39-8A83-99B54D67CE87}.Debug|Any CPU.Build.0 = Debug|Any CPU
		{ECC8EB25-3981-6F39-8A83-99B54D67CE87}.Release|Any CPU.ActiveCfg = Release|Any CPU
		{ECC8EB25-3981-6F39-8A83-99B54D67CE87}.Release|Any CPU.Build.0 = Release|Any CPU
	EndGlobalSection
	GlobalSection(SolutionProperties) = preSolution
		HideSolutionNode = FALSE
	EndGlobalSection
	GlobalSection(ExtensibilityGlobals) = postSolution
		SolutionGuid = {B1997C03-4661-4F08-B24B-5780F8289A74}
	EndGlobalSection
EndGlobal
